{
  "version": 4,
  "terraform_version": "1.6.5",
  "serial": 112,
  "lineage": "b6444d65-8746-4604-4b5e-f843445d3ee8",
  "outputs": {
    "public_ip_address": {
      "value": "52.232.1.49",
      "type": "string"
    }
  },
  "resources": [
    {
      "mode": "managed",
      "type": "azurerm_linux_virtual_machine",
      "name": "grupo5-weu-prod-vm",
      "provider": "provider[\"registry.terraform.io/hashicorp/azurerm\"]",
      "instances": [
        {
          "schema_version": 0,
          "attributes": {
            "additional_capabilities": [],
            "admin_password": null,
            "admin_ssh_key": [
              {
                "public_key": "ssh-rsa AAAAB3NzaC1yc2EAAAADAQABAAACAQDeyY35ZA503sYoqVkS7EAqq3Gy8nSqAGY5lfo6/6oDmQ0s5WiHAEEl4vkP50u9j/X44WL1wPkF2+juza8yUQuNKOgqs2Ks9o2CARmkttM612+J/QLbk7AIHvM7Gr8Con9+WMCFn3KpIhTr1yu+zbLLkdhFxEFYLjlRtAVh8z4FjHW9KlBdBMmHwvKvsDziZUy4GdIf28nYppYhjBFpdIeqk2S5k3JRBxUDlibVdnvj3Pv2xxDw4otYQkOS0vfBqhmfLZel/QbTMRmPf6m8TuXhJgv5Gs76hybIq9mzsWeM2wG6ERzXQAb/xpyWDsSTvwe7cxZYx/EyoInkA6mnIqQbNR/S5SOHxP+aCVay8Wk32BH6AEA06/dIx0l+u1jyS1JItCpenxpQi+RkZri4v7X+YPiCByNJWYduwaxSxH9ZFg0gilJcGHGu09lqSgN1AOQIhjHxx8Ke5usqrFMsbHyURR3fFZOUsZ8UlnooAJt+rTII8Ot/0RY0RMey7LaT2MtJMdOE5AQNibNzhl4I3n65ffOPTaukagJl3b4ZybaATg625KBEZ2iPKIyPQNxmjy8zCMqABvfxL+nkK2MiNgEW2xC2XS1M+FwAcZF09sHFC8ODudj1Elmlm4aeIBczmgoCrGEF6V8y+IBxgBlAEpPiTKBHO7ZAiqYoipPjtUMl1w== formando@PC013407\r\n",
                "username": "admin_user"
              }
            ],
            "admin_username": "admin_user",
            "allow_extension_operations": true,
            "availability_set_id": "",
            "boot_diagnostics": [],
            "bypass_platform_safety_checks_on_user_schedule_enabled": false,
            "capacity_reservation_group_id": "",
            "computer_name": "grupo5-weu-prod-vm",
            "custom_data": null,
            "dedicated_host_group_id": "",
            "dedicated_host_id": "",
            "disable_password_authentication": true,
            "disk_controller_type": "",
            "edge_zone": "",
            "encryption_at_host_enabled": false,
            "eviction_policy": "",
            "extensions_time_budget": "PT1H30M",
            "gallery_application": [],
            "id": "/subscriptions/c34f0752-7151-4ee1-ac5c-6369a3e67318/resourceGroups/grupo5-weu-prod-rg/providers/Microsoft.Compute/virtualMachines/grupo5-weu-prod-vm",
            "identity": [],
            "license_type": "",
            "location": "westeurope",
            "max_bid_price": -1,
            "name": "grupo5-weu-prod-vm",
            "network_interface_ids": [
              "/subscriptions/c34f0752-7151-4ee1-ac5c-6369a3e67318/resourceGroups/grupo5-weu-prod-rg/providers/Microsoft.Network/networkInterfaces/grupo5-weu-prod-nic"
            ],
            "os_disk": [
              {
                "caching": "ReadWrite",
                "diff_disk_settings": [],
                "disk_encryption_set_id": "",
                "disk_size_gb": 30,
                "name": "grupo5-weu-prod-vm_OsDisk_1_61d6e12273ef42ecaf4f37d4e8b76e8a",
                "secure_vm_disk_encryption_set_id": "",
                "security_encryption_type": "",
                "storage_account_type": "Standard_LRS",
                "write_accelerator_enabled": false
              }
            ],
            "os_image_notification": [],
            "patch_assessment_mode": "ImageDefault",
            "patch_mode": "ImageDefault",
            "plan": [],
            "platform_fault_domain": -1,
            "priority": "Regular",
            "private_ip_address": "192.168.0.5",
            "private_ip_addresses": [
              "192.168.0.5"
            ],
            "provision_vm_agent": true,
            "proximity_placement_group_id": "",
            "public_ip_address": "52.232.1.49",
            "public_ip_addresses": [
              "52.232.1.49"
            ],
            "reboot_setting": "",
            "resource_group_name": "grupo5-weu-prod-rg",
            "secret": [],
            "secure_boot_enabled": false,
            "size": "Standard_B1s",
            "source_image_id": "",
            "source_image_reference": [
              {
                "offer": "UbuntuServer",
                "publisher": "Canonical",
                "sku": "16.04-LTS",
                "version": "latest"
              }
            ],
            "tags": {},
            "termination_notification": [],
            "timeouts": null,
            "user_data": "",
            "virtual_machine_id": "56f40190-3b48-4076-877a-8b6d24c17bc0",
            "virtual_machine_scale_set_id": "",
            "vm_agent_platform_updates_enabled": false,
            "vtpm_enabled": false,
            "zone": ""
          },
          "sensitive_attributes": [],
          "private": "eyJlMmJmYjczMC1lY2FhLTExZTYtOGY4OC0zNDM2M2JjN2M0YzAiOnsiY3JlYXRlIjoyNzAwMDAwMDAwMDAwLCJkZWxldGUiOjI3MDAwMDAwMDAwMDAsInJlYWQiOjMwMDAwMDAwMDAwMCwidXBkYXRlIjoyNzAwMDAwMDAwMDAwfX0=",
          "dependencies": [
            "azurerm_network_interface.grupo5-weu-prod-nic",
            "azurerm_public_ip.grupo5-weu-prod-public-ip",
            "azurerm_resource_group.grupo5-weu-prod-rg",
            "azurerm_subnet.grupo5-weu-prod-subnet",
            "azurerm_virtual_network.grupo5-weu-prod-vnet"
          ]
        }
      ]
    },
    {
      "mode": "managed",
      "type": "azurerm_linux_virtual_machine",
      "name": "grupo5-weu-prod-web-vm",
      "provider": "provider[\"registry.terraform.io/hashicorp/azurerm\"]",
      "instances": [
        {
          "schema_version": 0,
          "attributes": {
            "additional_capabilities": [],
            "admin_password": null,
            "admin_ssh_key": [
              {
                "public_key": "ssh-rsa AAAAB3NzaC1yc2EAAAADAQABAAACAQDeyY35ZA503sYoqVkS7EAqq3Gy8nSqAGY5lfo6/6oDmQ0s5WiHAEEl4vkP50u9j/X44WL1wPkF2+juza8yUQuNKOgqs2Ks9o2CARmkttM612+J/QLbk7AIHvM7Gr8Con9+WMCFn3KpIhTr1yu+zbLLkdhFxEFYLjlRtAVh8z4FjHW9KlBdBMmHwvKvsDziZUy4GdIf28nYppYhjBFpdIeqk2S5k3JRBxUDlibVdnvj3Pv2xxDw4otYQkOS0vfBqhmfLZel/QbTMRmPf6m8TuXhJgv5Gs76hybIq9mzsWeM2wG6ERzXQAb/xpyWDsSTvwe7cxZYx/EyoInkA6mnIqQbNR/S5SOHxP+aCVay8Wk32BH6AEA06/dIx0l+u1jyS1JItCpenxpQi+RkZri4v7X+YPiCByNJWYduwaxSxH9ZFg0gilJcGHGu09lqSgN1AOQIhjHxx8Ke5usqrFMsbHyURR3fFZOUsZ8UlnooAJt+rTII8Ot/0RY0RMey7LaT2MtJMdOE5AQNibNzhl4I3n65ffOPTaukagJl3b4ZybaATg625KBEZ2iPKIyPQNxmjy8zCMqABvfxL+nkK2MiNgEW2xC2XS1M+FwAcZF09sHFC8ODudj1Elmlm4aeIBczmgoCrGEF6V8y+IBxgBlAEpPiTKBHO7ZAiqYoipPjtUMl1w== formando@PC013407\r\n",
                "username": "admin_user"
              }
            ],
            "admin_username": "admin_user",
            "allow_extension_operations": true,
            "availability_set_id": "",
            "boot_diagnostics": [],
            "bypass_platform_safety_checks_on_user_schedule_enabled": false,
            "capacity_reservation_group_id": "",
            "computer_name": "webserver-linux",
            "custom_data": null,
            "dedicated_host_group_id": "",
            "dedicated_host_id": "",
            "disable_password_authentication": true,
            "disk_controller_type": "",
            "edge_zone": "",
            "encryption_at_host_enabled": false,
            "eviction_policy": "",
            "extensions_time_budget": "PT1H30M",
            "gallery_application": [],
            "id": "/subscriptions/c34f0752-7151-4ee1-ac5c-6369a3e67318/resourceGroups/grupo5-weu-prod-rg/providers/Microsoft.Compute/virtualMachines/webserver-linux",
            "identity": [],
            "license_type": "",
            "location": "westeurope",
            "max_bid_price": -1,
            "name": "webserver-linux",
            "network_interface_ids": [
              "/subscriptions/c34f0752-7151-4ee1-ac5c-6369a3e67318/resourceGroups/grupo5-weu-prod-rg/providers/Microsoft.Network/networkInterfaces/grupo5-weu-prod-nic-web"
            ],
            "os_disk": [
              {
                "caching": "ReadWrite",
                "diff_disk_settings": [],
                "disk_encryption_set_id": "",
                "disk_size_gb": 30,
                "name": "webserver-linux_disk1_afbf8f92565f43ac9a4ac15e317f6e54",
                "secure_vm_disk_encryption_set_id": "",
                "security_encryption_type": "",
                "storage_account_type": "Standard_LRS",
                "write_accelerator_enabled": false
              }
            ],
            "os_image_notification": [],
            "patch_assessment_mode": "ImageDefault",
            "patch_mode": "ImageDefault",
            "plan": [],
            "platform_fault_domain": -1,
            "priority": "Regular",
            "private_ip_address": "192.168.0.6",
            "private_ip_addresses": [
              "192.168.0.6"
            ],
            "provision_vm_agent": true,
            "proximity_placement_group_id": "",
            "public_ip_address": "",
            "public_ip_addresses": [],
            "reboot_setting": "",
            "resource_group_name": "grupo5-weu-prod-rg",
            "secret": [],
            "secure_boot_enabled": false,
            "size": "Standard_B2s",
            "source_image_id": "",
            "source_image_reference": [
              {
                "offer": "UbuntuServer",
                "publisher": "Canonical",
                "sku": "16.04-LTS",
                "version": "latest"
              }
            ],
            "tags": null,
            "termination_notification": null,
            "timeouts": null,
            "user_data": "",
            "virtual_machine_id": "b66291cd-8580-4200-95d8-b8bf15aa4ce8",
            "virtual_machine_scale_set_id": "",
            "vm_agent_platform_updates_enabled": false,
            "vtpm_enabled": false,
            "zone": ""
          },
          "sensitive_attributes": [],
          "private": "eyJlMmJmYjczMC1lY2FhLTExZTYtOGY4OC0zNDM2M2JjN2M0YzAiOnsiY3JlYXRlIjoyNzAwMDAwMDAwMDAwLCJkZWxldGUiOjI3MDAwMDAwMDAwMDAsInJlYWQiOjMwMDAwMDAwMDAwMCwidXBkYXRlIjoyNzAwMDAwMDAwMDAwfX0=",
          "dependencies": [
            "azurerm_network_interface.grupo5-weu-prod-nic-web",
            "azurerm_resource_group.grupo5-weu-prod-rg",
            "azurerm_subnet.grupo5-weu-prod-subnet",
            "azurerm_virtual_network.grupo5-weu-prod-vnet"
          ]
        }
      ]
    },
    {
      "mode": "managed",
      "type": "azurerm_network_interface",
      "name": "grupo5-weu-prod-nic",
      "provider": "provider[\"registry.terraform.io/hashicorp/azurerm\"]",
      "instances": [
        {
          "schema_version": 0,
          "attributes": {
            "applied_dns_servers": [],
            "auxiliary_mode": "",
            "auxiliary_sku": "",
            "dns_servers": [],
            "edge_zone": "",
            "enable_accelerated_networking": false,
            "enable_ip_forwarding": false,
            "id": "/subscriptions/c34f0752-7151-4ee1-ac5c-6369a3e67318/resourceGroups/grupo5-weu-prod-rg/providers/Microsoft.Network/networkInterfaces/grupo5-weu-prod-nic",
            "internal_dns_name_label": "",
            "internal_domain_name_suffix": "savtz35jeerenlqsasftvusdih.ax.internal.cloudapp.net",
            "ip_configuration": [
              {
                "gateway_load_balancer_frontend_ip_configuration_id": "",
                "name": "grupo5-weu-prod-nic-ipconfig",
                "primary": true,
                "private_ip_address": "192.168.0.5",
                "private_ip_address_allocation": "Static",
                "private_ip_address_version": "IPv4",
                "public_ip_address_id": "/subscriptions/c34f0752-7151-4ee1-ac5c-6369a3e67318/resourceGroups/grupo5-weu-prod-rg/providers/Microsoft.Network/publicIPAddresses/grupo5-weu-prod-public-ip",
                "subnet_id": "/subscriptions/c34f0752-7151-4ee1-ac5c-6369a3e67318/resourceGroups/grupo5-weu-prod-rg/providers/Microsoft.Network/virtualNetworks/grupo5-weu-prod-vnet/subnets/grupo5-weu-prod-subnet"
              }
            ],
            "location": "westeurope",
            "mac_address": "00-0D-3A-4C-B9-14",
            "name": "grupo5-weu-prod-nic",
            "private_ip_address": "192.168.0.5",
            "private_ip_addresses": [
              "192.168.0.5"
            ],
            "resource_group_name": "grupo5-weu-prod-rg",
            "tags": {},
            "timeouts": null,
            "virtual_machine_id": "/subscriptions/c34f0752-7151-4ee1-ac5c-6369a3e67318/resourceGroups/grupo5-weu-prod-rg/providers/Microsoft.Compute/virtualMachines/grupo5-weu-prod-vm"
          },
          "sensitive_attributes": [],
          "private": "eyJlMmJmYjczMC1lY2FhLTExZTYtOGY4OC0zNDM2M2JjN2M0YzAiOnsiY3JlYXRlIjoxODAwMDAwMDAwMDAwLCJkZWxldGUiOjE4MDAwMDAwMDAwMDAsInJlYWQiOjMwMDAwMDAwMDAwMCwidXBkYXRlIjoxODAwMDAwMDAwMDAwfX0=",
          "dependencies": [
            "azurerm_public_ip.grupo5-weu-prod-public-ip",
            "azurerm_resource_group.grupo5-weu-prod-rg",
            "azurerm_subnet.grupo5-weu-prod-subnet",
            "azurerm_virtual_network.grupo5-weu-prod-vnet"
          ]
        }
      ]
    },
    {
      "mode": "managed",
      "type": "azurerm_network_interface",
      "name": "grupo5-weu-prod-nic-web",
      "provider": "provider[\"registry.terraform.io/hashicorp/azurerm\"]",
      "instances": [
        {
          "schema_version": 0,
          "attributes": {
            "applied_dns_servers": [],
            "auxiliary_mode": "",
            "auxiliary_sku": "",
            "dns_servers": [],
            "edge_zone": "",
            "enable_accelerated_networking": false,
            "enable_ip_forwarding": false,
            "id": "/subscriptions/c34f0752-7151-4ee1-ac5c-6369a3e67318/resourceGroups/grupo5-weu-prod-rg/providers/Microsoft.Network/networkInterfaces/grupo5-weu-prod-nic-web",
            "internal_dns_name_label": "",
            "internal_domain_name_suffix": "savtz35jeerenlqsasftvusdih.ax.internal.cloudapp.net",
            "ip_configuration": [
              {
                "gateway_load_balancer_frontend_ip_configuration_id": "",
                "name": "grupo5-weu-prod-nic-ipconfig",
                "primary": true,
                "private_ip_address": "192.168.0.6",
                "private_ip_address_allocation": "Static",
                "private_ip_address_version": "IPv4",
                "public_ip_address_id": "",
                "subnet_id": "/subscriptions/c34f0752-7151-4ee1-ac5c-6369a3e67318/resourceGroups/grupo5-weu-prod-rg/providers/Microsoft.Network/virtualNetworks/grupo5-weu-prod-vnet/subnets/grupo5-weu-prod-subnet"
              }
            ],
            "location": "westeurope",
            "mac_address": "",
            "name": "grupo5-weu-prod-nic-web",
            "private_ip_address": "192.168.0.6",
            "private_ip_addresses": [
              "192.168.0.6"
            ],
            "resource_group_name": "grupo5-weu-prod-rg",
            "tags": {},
            "timeouts": null,
            "virtual_machine_id": ""
          },
          "sensitive_attributes": [],
          "private": "eyJlMmJmYjczMC1lY2FhLTExZTYtOGY4OC0zNDM2M2JjN2M0YzAiOnsiY3JlYXRlIjoxODAwMDAwMDAwMDAwLCJkZWxldGUiOjE4MDAwMDAwMDAwMDAsInJlYWQiOjMwMDAwMDAwMDAwMCwidXBkYXRlIjoxODAwMDAwMDAwMDAwfX0=",
          "dependencies": [
            "azurerm_resource_group.grupo5-weu-prod-rg",
            "azurerm_subnet.grupo5-weu-prod-subnet",
            "azurerm_virtual_network.grupo5-weu-prod-vnet"
          ]
        }
      ]
    },
    {
      "mode": "managed",
      "type": "azurerm_public_ip",
      "name": "grupo5-weu-prod-public-ip",
      "provider": "provider[\"registry.terraform.io/hashicorp/azurerm\"]",
      "instances": [
        {
          "schema_version": 0,
          "attributes": {
            "allocation_method": "Dynamic",
            "ddos_protection_mode": "VirtualNetworkInherited",
            "ddos_protection_plan_id": null,
            "domain_name_label": null,
            "edge_zone": "",
            "fqdn": null,
            "id": "/subscriptions/c34f0752-7151-4ee1-ac5c-6369a3e67318/resourceGroups/grupo5-weu-prod-rg/providers/Microsoft.Network/publicIPAddresses/grupo5-weu-prod-public-ip",
            "idle_timeout_in_minutes": 4,
            "ip_address": "52.232.1.49",
            "ip_tags": {},
            "ip_version": "IPv4",
            "location": "westeurope",
            "name": "grupo5-weu-prod-public-ip",
            "public_ip_prefix_id": null,
            "resource_group_name": "grupo5-weu-prod-rg",
            "reverse_fqdn": null,
            "sku": "Basic",
            "sku_tier": "Regional",
            "tags": {},
            "timeouts": null,
            "zones": []
          },
          "sensitive_attributes": [],
          "private": "eyJlMmJmYjczMC1lY2FhLTExZTYtOGY4OC0zNDM2M2JjN2M0YzAiOnsiY3JlYXRlIjoxODAwMDAwMDAwMDAwLCJkZWxldGUiOjE4MDAwMDAwMDAwMDAsInJlYWQiOjMwMDAwMDAwMDAwMCwidXBkYXRlIjoxODAwMDAwMDAwMDAwfX0=",
          "dependencies": [
            "azurerm_resource_group.grupo5-weu-prod-rg"
          ]
        }
      ]
    },
    {
      "mode": "managed",
      "type": "azurerm_resource_group",
      "name": "grupo5-neu-dr-rg",
      "provider": "provider[\"registry.terraform.io/hashicorp/azurerm\"]",
      "instances": [
        {
          "schema_version": 0,
          "attributes": {
            "id": "/subscriptions/c34f0752-7151-4ee1-ac5c-6369a3e67318/resourceGroups/grupo5-neu-dr-rg",
            "location": "northeurope",
            "managed_by": "",
            "name": "grupo5-neu-dr-rg",
            "tags": {},
            "timeouts": null
          },
          "sensitive_attributes": [],
          "private": "eyJlMmJmYjczMC1lY2FhLTExZTYtOGY4OC0zNDM2M2JjN2M0YzAiOnsiY3JlYXRlIjo1NDAwMDAwMDAwMDAwLCJkZWxldGUiOjU0MDAwMDAwMDAwMDAsInJlYWQiOjMwMDAwMDAwMDAwMCwidXBkYXRlIjo1NDAwMDAwMDAwMDAwfX0="
        }
      ]
    },
    {
      "mode": "managed",
      "type": "azurerm_resource_group",
      "name": "grupo5-weu-prod-rg",
      "provider": "provider[\"registry.terraform.io/hashicorp/azurerm\"]",
      "instances": [
        {
          "schema_version": 0,
          "attributes": {
            "id": "/subscriptions/c34f0752-7151-4ee1-ac5c-6369a3e67318/resourceGroups/grupo5-weu-prod-rg",
            "location": "westeurope",
            "managed_by": "",
            "name": "grupo5-weu-prod-rg",
            "tags": {},
            "timeouts": null
          },
          "sensitive_attributes": [],
          "private": "eyJlMmJmYjczMC1lY2FhLTExZTYtOGY4OC0zNDM2M2JjN2M0YzAiOnsiY3JlYXRlIjo1NDAwMDAwMDAwMDAwLCJkZWxldGUiOjU0MDAwMDAwMDAwMDAsInJlYWQiOjMwMDAwMDAwMDAwMCwidXBkYXRlIjo1NDAwMDAwMDAwMDAwfSwic2NoZW1hX3ZlcnNpb24iOiIwIn0="
        }
      ]
    },
    {
      "mode": "managed",
      "type": "azurerm_subnet",
      "name": "grupo5-weu-prod-subnet",
      "provider": "provider[\"registry.terraform.io/hashicorp/azurerm\"]",
      "instances": [
        {
          "schema_version": 0,
          "attributes": {
            "address_prefixes": [
              "192.168.0.0/24"
            ],
            "delegation": [],
            "enforce_private_link_endpoint_network_policies": false,
            "enforce_private_link_service_network_policies": false,
            "id": "/subscriptions/c34f0752-7151-4ee1-ac5c-6369a3e67318/resourceGroups/grupo5-weu-prod-rg/providers/Microsoft.Network/virtualNetworks/grupo5-weu-prod-vnet/subnets/grupo5-weu-prod-subnet",
            "name": "grupo5-weu-prod-subnet",
            "private_endpoint_network_policies_enabled": true,
            "private_link_service_network_policies_enabled": true,
            "resource_group_name": "grupo5-weu-prod-rg",
            "service_endpoint_policy_ids": [],
            "service_endpoints": [],
            "timeouts": null,
            "virtual_network_name": "grupo5-weu-prod-vnet"
          },
          "sensitive_attributes": [],
          "private": "eyJlMmJmYjczMC1lY2FhLTExZTYtOGY4OC0zNDM2M2JjN2M0YzAiOnsiY3JlYXRlIjoxODAwMDAwMDAwMDAwLCJkZWxldGUiOjE4MDAwMDAwMDAwMDAsInJlYWQiOjMwMDAwMDAwMDAwMCwidXBkYXRlIjoxODAwMDAwMDAwMDAwfX0=",
          "dependencies": [
            "azurerm_resource_group.grupo5-weu-prod-rg",
            "azurerm_virtual_network.grupo5-weu-prod-vnet"
          ]
        }
      ]
    },
    {
      "mode": "managed",
      "type": "azurerm_virtual_network",
      "name": "grupo5-weu-prod-vnet",
      "provider": "provider[\"registry.terraform.io/hashicorp/azurerm\"]",
      "instances": [
        {
          "schema_version": 0,
          "attributes": {
            "address_space": [
              "192.168.0.0/24"
            ],
            "bgp_community": "",
            "ddos_protection_plan": [],
            "dns_servers": [],
            "edge_zone": "",
            "encryption": [],
            "flow_timeout_in_minutes": 0,
            "guid": "f73c2b90-21e9-4622-ae12-048b3ad24347",
            "id": "/subscriptions/c34f0752-7151-4ee1-ac5c-6369a3e67318/resourceGroups/grupo5-weu-prod-rg/providers/Microsoft.Network/virtualNetworks/grupo5-weu-prod-vnet",
            "location": "westeurope",
            "name": "grupo5-weu-prod-vnet",
            "resource_group_name": "grupo5-weu-prod-rg",
            "subnet": [
              {
                "address_prefix": "192.168.0.0/24",
                "id": "/subscriptions/c34f0752-7151-4ee1-ac5c-6369a3e67318/resourceGroups/grupo5-weu-prod-rg/providers/Microsoft.Network/virtualNetworks/grupo5-weu-prod-vnet/subnets/grupo5-weu-prod-subnet",
                "name": "grupo5-weu-prod-subnet",
                "security_group": ""
              }
            ],
            "tags": {},
            "timeouts": null
          },
          "sensitive_attributes": [],
          "private": "eyJlMmJmYjczMC1lY2FhLTExZTYtOGY4OC0zNDM2M2JjN2M0YzAiOnsiY3JlYXRlIjoxODAwMDAwMDAwMDAwLCJkZWxldGUiOjE4MDAwMDAwMDAwMDAsInJlYWQiOjMwMDAwMDAwMDAwMCwidXBkYXRlIjoxODAwMDAwMDAwMDAwfX0=",
          "dependencies": [
            "azurerm_resource_group.grupo5-weu-prod-rg"
          ]
        }
      ]
    }
  ],
  "check_results": null
}
