{
  "version": 4,
  "terraform_version": "1.6.5",
  "serial": 258,
  "lineage": "b6444d65-8746-4604-4b5e-f843445d3ee8",
  "outputs": {
    "public_ip_address": {
      "value": "52.232.25.111",
      "type": "string"
    }
  },
  "resources": [
    {
      "mode": "data",
      "type": "template_file",
      "name": "init",
      "provider": "provider[\"registry.terraform.io/hashicorp/template\"]",
      "instances": [
        {
          "schema_version": 0,
          "attributes": {
            "filename": null,
            "id": "dfd14afda3f0d7b857f1776fa46eb99084f1d9132f6e75dbd0fd1c80137fe5c6",
            "rendered": "Write-Host \"Delete any existing WinRM listeners\"\r\nwinrm delete winrm/config/listener?Address=*+Transport=HTTP  2\u003e$Null\r\nwinrm delete winrm/config/listener?Address=*+Transport=HTTPS 2\u003e$Null\r\n\r\nWrite-Host \"Create a new WinRM listener and configure\"\r\nwinrm create winrm/config/listener?Address=*+Transport=HTTP\r\nwinrm set winrm/config/winrs '@{MaxMemoryPerShellMB=\"0\"}'\r\nwinrm set winrm/config '@{MaxTimeoutms=\"7200000\"}'\r\nwinrm set winrm/config/service '@{AllowUnencrypted=\"true\"}'\r\nwinrm set winrm/config/service '@{MaxConcurrentOperationsPerUser=\"12000\"}'\r\nwinrm set winrm/config/service/auth '@{Basic=\"true\"}'\r\nwinrm set winrm/config/client/auth '@{Basic=\"true\"}'\r\n\r\nWrite-Host \"Configure UAC to allow privilege elevation in remote shells\"\r\n$Key = 'HKLM:\\SOFTWARE\\Microsoft\\Windows\\CurrentVersion\\Policies\\System'\r\n$Setting = 'LocalAccountTokenFilterPolicy'\r\nSet-ItemProperty -Path $Key -Name $Setting -Value 1 -Force\r\n\r\nWrite-Host \"turn off PowerShell execution policy restrictions\"\r\nSet-ExecutionPolicy -ExecutionPolicy Unrestricted\r\n\r\nWrite-Host \"Configure and restart the WinRM Service; Enable the required firewall exception\"\r\nStop-Service -Name WinRM\r\nSet-Service -Name WinRM -StartupType Automatic\r\nnetsh advfirewall firewall set rule name=\"Windows Remote Management (HTTP-In)\" new action=allow localip=any remoteip=any\r\nStart-Service -Name WinRM\r\n\r\n\r\n\r\n# install python\r\nWrite-Host \"Install Python\"\r\n\r\n$python_url = \"https://www.python.org/ftp/python/3.8.5/python-3.8.5-amd64.exe\"\r\n\r\n$python_installer = \"C:\\python-3.8.5-amd64.exe\"\r\n\r\nInvoke-WebRequest -Uri $python_url -OutFile $python_installer\r\n\r\nStart-Process -FilePath $python_installer -ArgumentList \"/quiet InstallAllUsers=1 PrependPath=1\" -Wait\r\n\r\n#install .net framework 4.0 \u003c\r\nWrite-Host \"Install .NET Framework 4.0\"\r\n\r\n$dotnet_url = \"https://download.microsoft.com/download/9/5/A/95A9616B-7A37-4AF6-BC36-D6EA96C8DAAE/dotNetFx40_Full_x86_x64.exe\"\r\n\r\n$dotnet_installer = \"C:\\dotNetFx40_Full_x86_x64.exe\"\r\n\r\nInvoke-WebRequest -Uri $dotnet_url -OutFile $dotnet_installer\r\n\r\nStart-Process -FilePath $dotnet_installer -ArgumentList \"/q\" -Wait\r\n\r\n#firewall rule ansible\r\n\r\nWrite-Host \"Create a new firewall rule for ansible\"\r\n\r\nnetsh advfirewall firewall add rule name=\"ansible\" dir=in action=allow protocol=TCP localport=5986\r\n",
            "template": "Write-Host \"Delete any existing WinRM listeners\"\r\nwinrm delete winrm/config/listener?Address=*+Transport=HTTP  2\u003e$Null\r\nwinrm delete winrm/config/listener?Address=*+Transport=HTTPS 2\u003e$Null\r\n\r\nWrite-Host \"Create a new WinRM listener and configure\"\r\nwinrm create winrm/config/listener?Address=*+Transport=HTTP\r\nwinrm set winrm/config/winrs '@{MaxMemoryPerShellMB=\"0\"}'\r\nwinrm set winrm/config '@{MaxTimeoutms=\"7200000\"}'\r\nwinrm set winrm/config/service '@{AllowUnencrypted=\"true\"}'\r\nwinrm set winrm/config/service '@{MaxConcurrentOperationsPerUser=\"12000\"}'\r\nwinrm set winrm/config/service/auth '@{Basic=\"true\"}'\r\nwinrm set winrm/config/client/auth '@{Basic=\"true\"}'\r\n\r\nWrite-Host \"Configure UAC to allow privilege elevation in remote shells\"\r\n$Key = 'HKLM:\\SOFTWARE\\Microsoft\\Windows\\CurrentVersion\\Policies\\System'\r\n$Setting = 'LocalAccountTokenFilterPolicy'\r\nSet-ItemProperty -Path $Key -Name $Setting -Value 1 -Force\r\n\r\nWrite-Host \"turn off PowerShell execution policy restrictions\"\r\nSet-ExecutionPolicy -ExecutionPolicy Unrestricted\r\n\r\nWrite-Host \"Configure and restart the WinRM Service; Enable the required firewall exception\"\r\nStop-Service -Name WinRM\r\nSet-Service -Name WinRM -StartupType Automatic\r\nnetsh advfirewall firewall set rule name=\"Windows Remote Management (HTTP-In)\" new action=allow localip=any remoteip=any\r\nStart-Service -Name WinRM\r\n\r\n\r\n\r\n# install python\r\nWrite-Host \"Install Python\"\r\n\r\n$python_url = \"https://www.python.org/ftp/python/3.8.5/python-3.8.5-amd64.exe\"\r\n\r\n$python_installer = \"C:\\python-3.8.5-amd64.exe\"\r\n\r\nInvoke-WebRequest -Uri $python_url -OutFile $python_installer\r\n\r\nStart-Process -FilePath $python_installer -ArgumentList \"/quiet InstallAllUsers=1 PrependPath=1\" -Wait\r\n\r\n#install .net framework 4.0 \u003c\r\nWrite-Host \"Install .NET Framework 4.0\"\r\n\r\n$dotnet_url = \"https://download.microsoft.com/download/9/5/A/95A9616B-7A37-4AF6-BC36-D6EA96C8DAAE/dotNetFx40_Full_x86_x64.exe\"\r\n\r\n$dotnet_installer = \"C:\\dotNetFx40_Full_x86_x64.exe\"\r\n\r\nInvoke-WebRequest -Uri $dotnet_url -OutFile $dotnet_installer\r\n\r\nStart-Process -FilePath $dotnet_installer -ArgumentList \"/q\" -Wait\r\n\r\n#firewall rule ansible\r\n\r\nWrite-Host \"Create a new firewall rule for ansible\"\r\n\r\nnetsh advfirewall firewall add rule name=\"ansible\" dir=in action=allow protocol=TCP localport=5986\r\n",
            "vars": null
          },
          "sensitive_attributes": []
        }
      ]
    },
    {
      "mode": "managed",
      "type": "azurerm_linux_virtual_machine",
      "name": "grupo5-weu-prod-db-vm",
      "provider": "provider[\"registry.terraform.io/hashicorp/azurerm\"]",
      "instances": [
        {
          "schema_version": 0,
          "attributes": {
            "additional_capabilities": [],
            "admin_password": null,
            "admin_ssh_key": [
              {
                "public_key": "ssh-rsa AAAAB3NzaC1yc2EAAAADAQABAAACAQDeyY35ZA503sYoqVkS7EAqq3Gy8nSqAGY5lfo6/6oDmQ0s5WiHAEEl4vkP50u9j/X44WL1wPkF2+juza8yUQuNKOgqs2Ks9o2CARmkttM612+J/QLbk7AIHvM7Gr8Con9+WMCFn3KpIhTr1yu+zbLLkdhFxEFYLjlRtAVh8z4FjHW9KlBdBMmHwvKvsDziZUy4GdIf28nYppYhjBFpdIeqk2S5k3JRBxUDlibVdnvj3Pv2xxDw4otYQkOS0vfBqhmfLZel/QbTMRmPf6m8TuXhJgv5Gs76hybIq9mzsWeM2wG6ERzXQAb/xpyWDsSTvwe7cxZYx/EyoInkA6mnIqQbNR/S5SOHxP+aCVay8Wk32BH6AEA06/dIx0l+u1jyS1JItCpenxpQi+RkZri4v7X+YPiCByNJWYduwaxSxH9ZFg0gilJcGHGu09lqSgN1AOQIhjHxx8Ke5usqrFMsbHyURR3fFZOUsZ8UlnooAJt+rTII8Ot/0RY0RMey7LaT2MtJMdOE5AQNibNzhl4I3n65ffOPTaukagJl3b4ZybaATg625KBEZ2iPKIyPQNxmjy8zCMqABvfxL+nkK2MiNgEW2xC2XS1M+FwAcZF09sHFC8ODudj1Elmlm4aeIBczmgoCrGEF6V8y+IBxgBlAEpPiTKBHO7ZAiqYoipPjtUMl1w== formando@PC013407\r\n",
                "username": "ansible"
              }
            ],
            "admin_username": "ansible",
            "allow_extension_operations": true,
            "availability_set_id": "",
            "boot_diagnostics": [],
            "bypass_platform_safety_checks_on_user_schedule_enabled": false,
            "capacity_reservation_group_id": "",
            "computer_name": "grupo5-weu-prod-db-vm",
            "custom_data": null,
            "dedicated_host_group_id": "",
            "dedicated_host_id": "",
            "disable_password_authentication": true,
            "disk_controller_type": "",
            "edge_zone": "",
            "encryption_at_host_enabled": false,
            "eviction_policy": "",
            "extensions_time_budget": "PT1H30M",
            "gallery_application": [],
            "id": "/subscriptions/c34f0752-7151-4ee1-ac5c-6369a3e67318/resourceGroups/grupo5-weu-prod-rg/providers/Microsoft.Compute/virtualMachines/grupo5-weu-prod-db-vm",
            "identity": [],
            "license_type": "",
            "location": "westeurope",
            "max_bid_price": -1,
            "name": "grupo5-weu-prod-db-vm",
            "network_interface_ids": [
              "/subscriptions/c34f0752-7151-4ee1-ac5c-6369a3e67318/resourceGroups/grupo5-weu-prod-rg/providers/Microsoft.Network/networkInterfaces/grupo5-weu-prod-nic-db"
            ],
            "os_disk": [
              {
                "caching": "ReadWrite",
                "diff_disk_settings": [],
                "disk_encryption_set_id": "",
                "disk_size_gb": 30,
                "name": "grupo5-weu-prod-db-vm_OsDisk_1_6fbced49fb714fe1b70f0f5e1c931db9",
                "secure_vm_disk_encryption_set_id": "",
                "security_encryption_type": "",
                "storage_account_type": "Standard_LRS",
                "write_accelerator_enabled": false
              }
            ],
            "os_image_notification": [],
            "patch_assessment_mode": "ImageDefault",
            "patch_mode": "ImageDefault",
            "plan": [],
            "platform_fault_domain": -1,
            "priority": "Regular",
            "private_ip_address": "192.168.0.7",
            "private_ip_addresses": [
              "192.168.0.7"
            ],
            "provision_vm_agent": true,
            "proximity_placement_group_id": "",
            "public_ip_address": "",
            "public_ip_addresses": [],
            "reboot_setting": "",
            "resource_group_name": "grupo5-weu-prod-rg",
            "secret": [],
            "secure_boot_enabled": false,
            "size": "Standard_DS2_v2",
            "source_image_id": "",
            "source_image_reference": [
              {
                "offer": "UbuntuServer",
                "publisher": "Canonical",
                "sku": "18.04-LTS",
                "version": "latest"
              }
            ],
            "tags": {},
            "termination_notification": [],
            "timeouts": null,
            "user_data": "",
            "virtual_machine_id": "7a9c00cb-e0d4-41d1-8d0e-533c4470bc81",
            "virtual_machine_scale_set_id": "",
            "vm_agent_platform_updates_enabled": false,
            "vtpm_enabled": false,
            "zone": ""
          },
          "sensitive_attributes": [],
          "private": "eyJlMmJmYjczMC1lY2FhLTExZTYtOGY4OC0zNDM2M2JjN2M0YzAiOnsiY3JlYXRlIjoyNzAwMDAwMDAwMDAwLCJkZWxldGUiOjI3MDAwMDAwMDAwMDAsInJlYWQiOjMwMDAwMDAwMDAwMCwidXBkYXRlIjoyNzAwMDAwMDAwMDAwfX0=",
          "dependencies": [
            "azurerm_network_interface.grupo5-weu-prod-nic-db",
            "azurerm_resource_group.grupo5-weu-prod-rg",
            "azurerm_subnet.grupo5-weu-prod-subnet",
            "azurerm_virtual_network.grupo5-weu-prod-vnet"
          ]
        }
      ]
    },
    {
      "mode": "managed",
      "type": "azurerm_linux_virtual_machine",
      "name": "grupo5-weu-prod-vm",
      "provider": "provider[\"registry.terraform.io/hashicorp/azurerm\"]",
      "instances": [
        {
          "schema_version": 0,
          "attributes": {
            "additional_capabilities": [],
            "admin_password": null,
            "admin_ssh_key": [
              {
                "public_key": "ssh-rsa AAAAB3NzaC1yc2EAAAADAQABAAACAQDeyY35ZA503sYoqVkS7EAqq3Gy8nSqAGY5lfo6/6oDmQ0s5WiHAEEl4vkP50u9j/X44WL1wPkF2+juza8yUQuNKOgqs2Ks9o2CARmkttM612+J/QLbk7AIHvM7Gr8Con9+WMCFn3KpIhTr1yu+zbLLkdhFxEFYLjlRtAVh8z4FjHW9KlBdBMmHwvKvsDziZUy4GdIf28nYppYhjBFpdIeqk2S5k3JRBxUDlibVdnvj3Pv2xxDw4otYQkOS0vfBqhmfLZel/QbTMRmPf6m8TuXhJgv5Gs76hybIq9mzsWeM2wG6ERzXQAb/xpyWDsSTvwe7cxZYx/EyoInkA6mnIqQbNR/S5SOHxP+aCVay8Wk32BH6AEA06/dIx0l+u1jyS1JItCpenxpQi+RkZri4v7X+YPiCByNJWYduwaxSxH9ZFg0gilJcGHGu09lqSgN1AOQIhjHxx8Ke5usqrFMsbHyURR3fFZOUsZ8UlnooAJt+rTII8Ot/0RY0RMey7LaT2MtJMdOE5AQNibNzhl4I3n65ffOPTaukagJl3b4ZybaATg625KBEZ2iPKIyPQNxmjy8zCMqABvfxL+nkK2MiNgEW2xC2XS1M+FwAcZF09sHFC8ODudj1Elmlm4aeIBczmgoCrGEF6V8y+IBxgBlAEpPiTKBHO7ZAiqYoipPjtUMl1w== formando@PC013407\r\n",
                "username": "adminuser"
              }
            ],
            "admin_username": "adminuser",
            "allow_extension_operations": true,
            "availability_set_id": "",
            "boot_diagnostics": [],
            "bypass_platform_safety_checks_on_user_schedule_enabled": false,
            "capacity_reservation_group_id": "",
            "computer_name": "controlnode-prod-vm",
            "custom_data": null,
            "dedicated_host_group_id": "",
            "dedicated_host_id": "",
            "disable_password_authentication": true,
            "disk_controller_type": "",
            "edge_zone": "",
            "encryption_at_host_enabled": false,
            "eviction_policy": "",
            "extensions_time_budget": "PT1H30M",
            "gallery_application": [],
            "id": "/subscriptions/c34f0752-7151-4ee1-ac5c-6369a3e67318/resourceGroups/grupo5-weu-prod-rg/providers/Microsoft.Compute/virtualMachines/controlnode-prod-vm",
            "identity": [],
            "license_type": "",
            "location": "westeurope",
            "max_bid_price": -1,
            "name": "controlnode-prod-vm",
            "network_interface_ids": [
              "/subscriptions/c34f0752-7151-4ee1-ac5c-6369a3e67318/resourceGroups/grupo5-weu-prod-rg/providers/Microsoft.Network/networkInterfaces/grupo5-weu-prod-nic"
            ],
            "os_disk": [
              {
                "caching": "ReadWrite",
                "diff_disk_settings": [],
                "disk_encryption_set_id": "",
                "disk_size_gb": 30,
                "name": "controlnode-prod-vm_OsDisk_1_f5e7d608f0a84f14ae8779f913226474",
                "secure_vm_disk_encryption_set_id": "",
                "security_encryption_type": "",
                "storage_account_type": "Standard_LRS",
                "write_accelerator_enabled": false
              }
            ],
            "os_image_notification": [],
            "patch_assessment_mode": "ImageDefault",
            "patch_mode": "ImageDefault",
            "plan": [],
            "platform_fault_domain": -1,
            "priority": "Regular",
            "private_ip_address": "192.168.0.101",
            "private_ip_addresses": [
              "192.168.0.101"
            ],
            "provision_vm_agent": true,
            "proximity_placement_group_id": "",
            "public_ip_address": "52.232.25.111",
            "public_ip_addresses": [
              "52.232.25.111"
            ],
            "reboot_setting": "",
            "resource_group_name": "grupo5-weu-prod-rg",
            "secret": [],
            "secure_boot_enabled": false,
            "size": "Standard_B2s",
            "source_image_id": "",
            "source_image_reference": [
              {
                "offer": "UbuntuServer",
                "publisher": "Canonical",
                "sku": "16.04-LTS",
                "version": "latest"
              }
            ],
            "tags": {},
            "termination_notification": [],
            "timeouts": null,
            "user_data": "",
            "virtual_machine_id": "5abca79d-ffe6-4902-a9b8-6f0ab7b721e5",
            "virtual_machine_scale_set_id": "",
            "vm_agent_platform_updates_enabled": false,
            "vtpm_enabled": false,
            "zone": ""
          },
          "sensitive_attributes": [],
          "private": "eyJlMmJmYjczMC1lY2FhLTExZTYtOGY4OC0zNDM2M2JjN2M0YzAiOnsiY3JlYXRlIjoyNzAwMDAwMDAwMDAwLCJkZWxldGUiOjI3MDAwMDAwMDAwMDAsInJlYWQiOjMwMDAwMDAwMDAwMCwidXBkYXRlIjoyNzAwMDAwMDAwMDAwfX0=",
          "dependencies": [
            "azurerm_network_interface.grupo5-weu-prod-nic",
            "azurerm_public_ip.grupo5-weu-prod-public-ip",
            "azurerm_resource_group.grupo5-weu-prod-rg",
            "azurerm_subnet.grupo5-weu-prod-subnet",
            "azurerm_virtual_network.grupo5-weu-prod-vnet"
          ]
        }
      ]
    },
    {
      "mode": "managed",
      "type": "azurerm_linux_virtual_machine",
      "name": "grupo5-weu-prod-web-vm",
      "provider": "provider[\"registry.terraform.io/hashicorp/azurerm\"]",
      "instances": [
        {
          "schema_version": 0,
          "attributes": {
            "additional_capabilities": [],
            "admin_password": null,
            "admin_ssh_key": [
              {
                "public_key": "ssh-rsa AAAAB3NzaC1yc2EAAAADAQABAAACAQDeyY35ZA503sYoqVkS7EAqq3Gy8nSqAGY5lfo6/6oDmQ0s5WiHAEEl4vkP50u9j/X44WL1wPkF2+juza8yUQuNKOgqs2Ks9o2CARmkttM612+J/QLbk7AIHvM7Gr8Con9+WMCFn3KpIhTr1yu+zbLLkdhFxEFYLjlRtAVh8z4FjHW9KlBdBMmHwvKvsDziZUy4GdIf28nYppYhjBFpdIeqk2S5k3JRBxUDlibVdnvj3Pv2xxDw4otYQkOS0vfBqhmfLZel/QbTMRmPf6m8TuXhJgv5Gs76hybIq9mzsWeM2wG6ERzXQAb/xpyWDsSTvwe7cxZYx/EyoInkA6mnIqQbNR/S5SOHxP+aCVay8Wk32BH6AEA06/dIx0l+u1jyS1JItCpenxpQi+RkZri4v7X+YPiCByNJWYduwaxSxH9ZFg0gilJcGHGu09lqSgN1AOQIhjHxx8Ke5usqrFMsbHyURR3fFZOUsZ8UlnooAJt+rTII8Ot/0RY0RMey7LaT2MtJMdOE5AQNibNzhl4I3n65ffOPTaukagJl3b4ZybaATg625KBEZ2iPKIyPQNxmjy8zCMqABvfxL+nkK2MiNgEW2xC2XS1M+FwAcZF09sHFC8ODudj1Elmlm4aeIBczmgoCrGEF6V8y+IBxgBlAEpPiTKBHO7ZAiqYoipPjtUMl1w== formando@PC013407\r\n",
                "username": "ansible"
              }
            ],
            "admin_username": "ansible",
            "allow_extension_operations": true,
            "availability_set_id": "",
            "boot_diagnostics": [],
            "bypass_platform_safety_checks_on_user_schedule_enabled": false,
            "capacity_reservation_group_id": "",
            "computer_name": "webserver-linux",
            "custom_data": null,
            "dedicated_host_group_id": "",
            "dedicated_host_id": "",
            "disable_password_authentication": true,
            "disk_controller_type": "",
            "edge_zone": "",
            "encryption_at_host_enabled": false,
            "eviction_policy": "",
            "extensions_time_budget": "PT1H30M",
            "gallery_application": [],
            "id": "/subscriptions/c34f0752-7151-4ee1-ac5c-6369a3e67318/resourceGroups/grupo5-weu-prod-rg/providers/Microsoft.Compute/virtualMachines/webserver-linux",
            "identity": [],
            "license_type": "",
            "location": "westeurope",
            "max_bid_price": -1,
            "name": "webserver-linux",
            "network_interface_ids": [
              "/subscriptions/c34f0752-7151-4ee1-ac5c-6369a3e67318/resourceGroups/grupo5-weu-prod-rg/providers/Microsoft.Network/networkInterfaces/grupo5-weu-prod-nic-web"
            ],
            "os_disk": [
              {
                "caching": "ReadWrite",
                "diff_disk_settings": [],
                "disk_encryption_set_id": "",
                "disk_size_gb": 30,
                "name": "webserver-linux_OsDisk_1_2b4dc388454248618a3aeb7156464878",
                "secure_vm_disk_encryption_set_id": "",
                "security_encryption_type": "",
                "storage_account_type": "Standard_LRS",
                "write_accelerator_enabled": false
              }
            ],
            "os_image_notification": [],
            "patch_assessment_mode": "ImageDefault",
            "patch_mode": "ImageDefault",
            "plan": [],
            "platform_fault_domain": -1,
            "priority": "Regular",
            "private_ip_address": "192.168.0.6",
            "private_ip_addresses": [
              "192.168.0.6"
            ],
            "provision_vm_agent": true,
            "proximity_placement_group_id": "",
            "public_ip_address": "",
            "public_ip_addresses": [],
            "reboot_setting": "",
            "resource_group_name": "grupo5-weu-prod-rg",
            "secret": [],
            "secure_boot_enabled": false,
            "size": "Standard_B2s",
            "source_image_id": "",
            "source_image_reference": [
              {
                "offer": "UbuntuServer",
                "publisher": "Canonical",
                "sku": "16.04-LTS",
                "version": "latest"
              }
            ],
            "tags": {},
            "termination_notification": [],
            "timeouts": null,
            "user_data": "",
            "virtual_machine_id": "78cc4d68-52d0-4716-ba53-61b2e3c58b08",
            "virtual_machine_scale_set_id": "",
            "vm_agent_platform_updates_enabled": false,
            "vtpm_enabled": false,
            "zone": ""
          },
          "sensitive_attributes": [],
          "private": "eyJlMmJmYjczMC1lY2FhLTExZTYtOGY4OC0zNDM2M2JjN2M0YzAiOnsiY3JlYXRlIjoyNzAwMDAwMDAwMDAwLCJkZWxldGUiOjI3MDAwMDAwMDAwMDAsInJlYWQiOjMwMDAwMDAwMDAwMCwidXBkYXRlIjoyNzAwMDAwMDAwMDAwfX0=",
          "dependencies": [
            "azurerm_network_interface.grupo5-weu-prod-nic-web",
            "azurerm_resource_group.grupo5-weu-prod-rg",
            "azurerm_subnet.grupo5-weu-prod-subnet",
            "azurerm_virtual_network.grupo5-weu-prod-vnet"
          ]
        }
      ]
    },
    {
      "mode": "managed",
      "type": "azurerm_network_interface",
      "name": "grupo5-weu-prod-nic",
      "provider": "provider[\"registry.terraform.io/hashicorp/azurerm\"]",
      "instances": [
        {
          "schema_version": 0,
          "attributes": {
            "applied_dns_servers": [],
            "auxiliary_mode": "",
            "auxiliary_sku": "",
            "dns_servers": [],
            "edge_zone": "",
            "enable_accelerated_networking": false,
            "enable_ip_forwarding": false,
            "id": "/subscriptions/c34f0752-7151-4ee1-ac5c-6369a3e67318/resourceGroups/grupo5-weu-prod-rg/providers/Microsoft.Network/networkInterfaces/grupo5-weu-prod-nic",
            "internal_dns_name_label": "",
            "internal_domain_name_suffix": "savtz35jeerenlqsasftvusdih.ax.internal.cloudapp.net",
            "ip_configuration": [
              {
                "gateway_load_balancer_frontend_ip_configuration_id": "",
                "name": "grupo5-weu-prod-nic-ipconfig",
                "primary": true,
                "private_ip_address": "192.168.0.101",
                "private_ip_address_allocation": "Static",
                "private_ip_address_version": "IPv4",
                "public_ip_address_id": "/subscriptions/c34f0752-7151-4ee1-ac5c-6369a3e67318/resourceGroups/grupo5-weu-prod-rg/providers/Microsoft.Network/publicIPAddresses/grupo5-weu-prod-public-ip",
                "subnet_id": "/subscriptions/c34f0752-7151-4ee1-ac5c-6369a3e67318/resourceGroups/grupo5-weu-prod-rg/providers/Microsoft.Network/virtualNetworks/grupo5-weu-prod-vnet/subnets/grupo5-weu-prod-subnet"
              }
            ],
            "location": "westeurope",
            "mac_address": "60-45-BD-9A-4C-50",
            "name": "grupo5-weu-prod-nic",
            "private_ip_address": "192.168.0.101",
            "private_ip_addresses": [
              "192.168.0.101"
            ],
            "resource_group_name": "grupo5-weu-prod-rg",
            "tags": {},
            "timeouts": null,
            "virtual_machine_id": "/subscriptions/c34f0752-7151-4ee1-ac5c-6369a3e67318/resourceGroups/grupo5-weu-prod-rg/providers/Microsoft.Compute/virtualMachines/controlnode-prod-vm"
          },
          "sensitive_attributes": [],
          "private": "eyJlMmJmYjczMC1lY2FhLTExZTYtOGY4OC0zNDM2M2JjN2M0YzAiOnsiY3JlYXRlIjoxODAwMDAwMDAwMDAwLCJkZWxldGUiOjE4MDAwMDAwMDAwMDAsInJlYWQiOjMwMDAwMDAwMDAwMCwidXBkYXRlIjoxODAwMDAwMDAwMDAwfX0=",
          "dependencies": [
            "azurerm_public_ip.grupo5-weu-prod-public-ip",
            "azurerm_resource_group.grupo5-weu-prod-rg",
            "azurerm_subnet.grupo5-weu-prod-subnet",
            "azurerm_virtual_network.grupo5-weu-prod-vnet"
          ]
        }
      ]
    },
    {
      "mode": "managed",
      "type": "azurerm_network_interface",
      "name": "grupo5-weu-prod-nic-db",
      "provider": "provider[\"registry.terraform.io/hashicorp/azurerm\"]",
      "instances": [
        {
          "schema_version": 0,
          "attributes": {
            "applied_dns_servers": [],
            "auxiliary_mode": "",
            "auxiliary_sku": "",
            "dns_servers": [],
            "edge_zone": "",
            "enable_accelerated_networking": false,
            "enable_ip_forwarding": false,
            "id": "/subscriptions/c34f0752-7151-4ee1-ac5c-6369a3e67318/resourceGroups/grupo5-weu-prod-rg/providers/Microsoft.Network/networkInterfaces/grupo5-weu-prod-nic-db",
            "internal_dns_name_label": "",
            "internal_domain_name_suffix": "",
            "ip_configuration": [
              {
                "gateway_load_balancer_frontend_ip_configuration_id": "",
                "name": "my-ip-configuration",
                "primary": true,
                "private_ip_address": "192.168.0.7",
                "private_ip_address_allocation": "Static",
                "private_ip_address_version": "IPv4",
                "public_ip_address_id": "",
                "subnet_id": "/subscriptions/c34f0752-7151-4ee1-ac5c-6369a3e67318/resourceGroups/grupo5-weu-prod-rg/providers/Microsoft.Network/virtualNetworks/grupo5-weu-prod-vnet/subnets/grupo5-weu-prod-subnet"
              }
            ],
            "location": "westeurope",
            "mac_address": "00-0D-3A-AA-01-C1",
            "name": "grupo5-weu-prod-nic-db",
            "private_ip_address": "192.168.0.7",
            "private_ip_addresses": [
              "192.168.0.7"
            ],
            "resource_group_name": "grupo5-weu-prod-rg",
            "tags": {},
            "timeouts": null,
            "virtual_machine_id": "/subscriptions/c34f0752-7151-4ee1-ac5c-6369a3e67318/resourceGroups/grupo5-weu-prod-rg/providers/Microsoft.Compute/virtualMachines/grupo5-weu-prod-db-vm"
          },
          "sensitive_attributes": [],
          "private": "eyJlMmJmYjczMC1lY2FhLTExZTYtOGY4OC0zNDM2M2JjN2M0YzAiOnsiY3JlYXRlIjoxODAwMDAwMDAwMDAwLCJkZWxldGUiOjE4MDAwMDAwMDAwMDAsInJlYWQiOjMwMDAwMDAwMDAwMCwidXBkYXRlIjoxODAwMDAwMDAwMDAwfX0=",
          "dependencies": [
            "azurerm_resource_group.grupo5-weu-prod-rg",
            "azurerm_subnet.grupo5-weu-prod-subnet",
            "azurerm_virtual_network.grupo5-weu-prod-vnet"
          ]
        }
      ]
    },
    {
      "mode": "managed",
      "type": "azurerm_network_interface",
      "name": "grupo5-weu-prod-nic-web",
      "provider": "provider[\"registry.terraform.io/hashicorp/azurerm\"]",
      "instances": [
        {
          "schema_version": 0,
          "attributes": {
            "applied_dns_servers": [],
            "auxiliary_mode": "",
            "auxiliary_sku": "",
            "dns_servers": [],
            "edge_zone": "",
            "enable_accelerated_networking": false,
            "enable_ip_forwarding": false,
            "id": "/subscriptions/c34f0752-7151-4ee1-ac5c-6369a3e67318/resourceGroups/grupo5-weu-prod-rg/providers/Microsoft.Network/networkInterfaces/grupo5-weu-prod-nic-web",
            "internal_dns_name_label": "",
            "internal_domain_name_suffix": "",
            "ip_configuration": [
              {
                "gateway_load_balancer_frontend_ip_configuration_id": "",
                "name": "grupo5-weu-prod-nic-ipconfig",
                "primary": true,
                "private_ip_address": "192.168.0.6",
                "private_ip_address_allocation": "Static",
                "private_ip_address_version": "IPv4",
                "public_ip_address_id": "",
                "subnet_id": "/subscriptions/c34f0752-7151-4ee1-ac5c-6369a3e67318/resourceGroups/grupo5-weu-prod-rg/providers/Microsoft.Network/virtualNetworks/grupo5-weu-prod-vnet/subnets/grupo5-weu-prod-subnet"
              }
            ],
            "location": "westeurope",
            "mac_address": "00-0D-3A-4A-18-08",
            "name": "grupo5-weu-prod-nic-web",
            "private_ip_address": "192.168.0.6",
            "private_ip_addresses": [
              "192.168.0.6"
            ],
            "resource_group_name": "grupo5-weu-prod-rg",
            "tags": {},
            "timeouts": null,
            "virtual_machine_id": "/subscriptions/c34f0752-7151-4ee1-ac5c-6369a3e67318/resourceGroups/grupo5-weu-prod-rg/providers/Microsoft.Compute/virtualMachines/webserver-linux"
          },
          "sensitive_attributes": [],
          "private": "eyJlMmJmYjczMC1lY2FhLTExZTYtOGY4OC0zNDM2M2JjN2M0YzAiOnsiY3JlYXRlIjoxODAwMDAwMDAwMDAwLCJkZWxldGUiOjE4MDAwMDAwMDAwMDAsInJlYWQiOjMwMDAwMDAwMDAwMCwidXBkYXRlIjoxODAwMDAwMDAwMDAwfX0=",
          "dependencies": [
            "azurerm_resource_group.grupo5-weu-prod-rg",
            "azurerm_subnet.grupo5-weu-prod-subnet",
            "azurerm_virtual_network.grupo5-weu-prod-vnet"
          ]
        }
      ]
    },
    {
      "mode": "managed",
      "type": "azurerm_network_interface",
      "name": "nic",
      "provider": "provider[\"registry.terraform.io/hashicorp/azurerm\"]",
      "instances": [
        {
          "schema_version": 0,
          "attributes": {
            "applied_dns_servers": [],
            "auxiliary_mode": "",
            "auxiliary_sku": "",
            "dns_servers": [],
            "edge_zone": "",
            "enable_accelerated_networking": false,
            "enable_ip_forwarding": false,
            "id": "/subscriptions/c34f0752-7151-4ee1-ac5c-6369a3e67318/resourceGroups/grupo5-weu-prod-rg/providers/Microsoft.Network/networkInterfaces/nic",
            "internal_dns_name_label": "",
            "internal_domain_name_suffix": "savtz35jeerenlqsasftvusdih.ax.internal.cloudapp.net",
            "ip_configuration": [
              {
                "gateway_load_balancer_frontend_ip_configuration_id": "",
                "name": "ipconfig",
                "primary": true,
                "private_ip_address": "192.168.0.100",
                "private_ip_address_allocation": "Static",
                "private_ip_address_version": "IPv4",
                "public_ip_address_id": "/subscriptions/c34f0752-7151-4ee1-ac5c-6369a3e67318/resourceGroups/grupo5-weu-prod-rg/providers/Microsoft.Network/publicIPAddresses/publicip",
                "subnet_id": "/subscriptions/c34f0752-7151-4ee1-ac5c-6369a3e67318/resourceGroups/grupo5-weu-prod-rg/providers/Microsoft.Network/virtualNetworks/grupo5-weu-prod-vnet/subnets/grupo5-weu-prod-subnet"
              }
            ],
            "location": "westeurope",
            "mac_address": "00-0D-3A-26-18-6D",
            "name": "nic",
            "private_ip_address": "192.168.0.100",
            "private_ip_addresses": [
              "192.168.0.100"
            ],
            "resource_group_name": "grupo5-weu-prod-rg",
            "tags": {},
            "timeouts": null,
            "virtual_machine_id": "/subscriptions/c34f0752-7151-4ee1-ac5c-6369a3e67318/resourceGroups/grupo5-weu-prod-rg/providers/Microsoft.Compute/virtualMachines/windows"
          },
          "sensitive_attributes": [],
          "private": "eyJlMmJmYjczMC1lY2FhLTExZTYtOGY4OC0zNDM2M2JjN2M0YzAiOnsiY3JlYXRlIjoxODAwMDAwMDAwMDAwLCJkZWxldGUiOjE4MDAwMDAwMDAwMDAsInJlYWQiOjMwMDAwMDAwMDAwMCwidXBkYXRlIjoxODAwMDAwMDAwMDAwfX0=",
          "dependencies": [
            "azurerm_public_ip.publicip",
            "azurerm_resource_group.grupo5-weu-prod-rg",
            "azurerm_subnet.grupo5-weu-prod-subnet",
            "azurerm_virtual_network.grupo5-weu-prod-vnet"
          ]
        }
      ]
    },
    {
      "mode": "managed",
      "type": "azurerm_network_interface_security_group_association",
      "name": "example",
      "provider": "provider[\"registry.terraform.io/hashicorp/azurerm\"]",
      "instances": [
        {
          "schema_version": 0,
          "attributes": {
            "id": "/subscriptions/c34f0752-7151-4ee1-ac5c-6369a3e67318/resourceGroups/grupo5-weu-prod-rg/providers/Microsoft.Network/networkInterfaces/nic|/subscriptions/c34f0752-7151-4ee1-ac5c-6369a3e67318/resourceGroups/grupo5-weu-prod-rg/providers/Microsoft.Network/networkSecurityGroups/nsg",
            "network_interface_id": "/subscriptions/c34f0752-7151-4ee1-ac5c-6369a3e67318/resourceGroups/grupo5-weu-prod-rg/providers/Microsoft.Network/networkInterfaces/nic",
            "network_security_group_id": "/subscriptions/c34f0752-7151-4ee1-ac5c-6369a3e67318/resourceGroups/grupo5-weu-prod-rg/providers/Microsoft.Network/networkSecurityGroups/nsg",
            "timeouts": null
          },
          "sensitive_attributes": [],
          "private": "eyJlMmJmYjczMC1lY2FhLTExZTYtOGY4OC0zNDM2M2JjN2M0YzAiOnsiY3JlYXRlIjoxODAwMDAwMDAwMDAwLCJkZWxldGUiOjE4MDAwMDAwMDAwMDAsInJlYWQiOjMwMDAwMDAwMDAwMH19",
          "dependencies": [
            "azurerm_network_interface.nic",
            "azurerm_network_security_group.windows_nsg",
            "azurerm_public_ip.publicip",
            "azurerm_resource_group.grupo5-weu-prod-rg",
            "azurerm_subnet.grupo5-weu-prod-subnet",
            "azurerm_virtual_network.grupo5-weu-prod-vnet"
          ]
        }
      ]
    },
    {
      "mode": "managed",
      "type": "azurerm_network_security_group",
      "name": "windows_nsg",
      "provider": "provider[\"registry.terraform.io/hashicorp/azurerm\"]",
      "instances": [
        {
          "schema_version": 0,
          "attributes": {
            "id": "/subscriptions/c34f0752-7151-4ee1-ac5c-6369a3e67318/resourceGroups/grupo5-weu-prod-rg/providers/Microsoft.Network/networkSecurityGroups/nsg",
            "location": "westeurope",
            "name": "nsg",
            "resource_group_name": "grupo5-weu-prod-rg",
            "security_rule": [
              {
                "access": "Allow",
                "description": "",
                "destination_address_prefix": "*",
                "destination_address_prefixes": [],
                "destination_application_security_group_ids": [],
                "destination_port_range": "3389",
                "destination_port_ranges": [],
                "direction": "Inbound",
                "name": "RDP",
                "priority": 100,
                "protocol": "Tcp",
                "source_address_prefix": "*",
                "source_address_prefixes": [],
                "source_application_security_group_ids": [],
                "source_port_range": "*",
                "source_port_ranges": []
              },
              {
                "access": "Allow",
                "description": "",
                "destination_address_prefix": "*",
                "destination_address_prefixes": [],
                "destination_application_security_group_ids": [],
                "destination_port_range": "5985",
                "destination_port_ranges": [],
                "direction": "Inbound",
                "name": "WinRM",
                "priority": 110,
                "protocol": "Tcp",
                "source_address_prefix": "*",
                "source_address_prefixes": [],
                "source_application_security_group_ids": [],
                "source_port_range": "*",
                "source_port_ranges": []
              },
              {
                "access": "Allow",
                "description": "",
                "destination_address_prefix": "*",
                "destination_address_prefixes": [],
                "destination_application_security_group_ids": [],
                "destination_port_range": "80",
                "destination_port_ranges": [],
                "direction": "Inbound",
                "name": "HTTP",
                "priority": 120,
                "protocol": "Tcp",
                "source_address_prefix": "*",
                "source_address_prefixes": [],
                "source_application_security_group_ids": [],
                "source_port_range": "*",
                "source_port_ranges": []
              }
            ],
            "tags": {},
            "timeouts": null
          },
          "sensitive_attributes": [],
          "private": "eyJlMmJmYjczMC1lY2FhLTExZTYtOGY4OC0zNDM2M2JjN2M0YzAiOnsiY3JlYXRlIjoxODAwMDAwMDAwMDAwLCJkZWxldGUiOjE4MDAwMDAwMDAwMDAsInJlYWQiOjMwMDAwMDAwMDAwMCwidXBkYXRlIjoxODAwMDAwMDAwMDAwfX0=",
          "dependencies": [
            "azurerm_resource_group.grupo5-weu-prod-rg"
          ]
        }
      ]
    },
    {
      "mode": "managed",
      "type": "azurerm_public_ip",
      "name": "grupo5-weu-prod-public-ip",
      "provider": "provider[\"registry.terraform.io/hashicorp/azurerm\"]",
      "instances": [
        {
          "schema_version": 0,
          "attributes": {
            "allocation_method": "Static",
            "ddos_protection_mode": "VirtualNetworkInherited",
            "ddos_protection_plan_id": null,
            "domain_name_label": null,
            "edge_zone": "",
            "fqdn": null,
            "id": "/subscriptions/c34f0752-7151-4ee1-ac5c-6369a3e67318/resourceGroups/grupo5-weu-prod-rg/providers/Microsoft.Network/publicIPAddresses/grupo5-weu-prod-public-ip",
            "idle_timeout_in_minutes": 4,
            "ip_address": "52.232.25.111",
            "ip_tags": {},
            "ip_version": "IPv4",
            "location": "westeurope",
            "name": "grupo5-weu-prod-public-ip",
            "public_ip_prefix_id": null,
            "resource_group_name": "grupo5-weu-prod-rg",
            "reverse_fqdn": null,
            "sku": "Basic",
            "sku_tier": "Regional",
            "tags": {},
            "timeouts": null,
            "zones": []
          },
          "sensitive_attributes": [],
          "private": "eyJlMmJmYjczMC1lY2FhLTExZTYtOGY4OC0zNDM2M2JjN2M0YzAiOnsiY3JlYXRlIjoxODAwMDAwMDAwMDAwLCJkZWxldGUiOjE4MDAwMDAwMDAwMDAsInJlYWQiOjMwMDAwMDAwMDAwMCwidXBkYXRlIjoxODAwMDAwMDAwMDAwfX0=",
          "dependencies": [
            "azurerm_resource_group.grupo5-weu-prod-rg"
          ]
        }
      ]
    },
    {
      "mode": "managed",
      "type": "azurerm_public_ip",
      "name": "publicip",
      "provider": "provider[\"registry.terraform.io/hashicorp/azurerm\"]",
      "instances": [
        {
          "schema_version": 0,
          "attributes": {
            "allocation_method": "Static",
            "ddos_protection_mode": "VirtualNetworkInherited",
            "ddos_protection_plan_id": null,
            "domain_name_label": null,
            "edge_zone": "",
            "fqdn": null,
            "id": "/subscriptions/c34f0752-7151-4ee1-ac5c-6369a3e67318/resourceGroups/grupo5-weu-prod-rg/providers/Microsoft.Network/publicIPAddresses/publicip",
            "idle_timeout_in_minutes": 4,
            "ip_address": "13.95.175.190",
            "ip_tags": {},
            "ip_version": "IPv4",
            "location": "westeurope",
            "name": "publicip",
            "public_ip_prefix_id": null,
            "resource_group_name": "grupo5-weu-prod-rg",
            "reverse_fqdn": null,
            "sku": "Basic",
            "sku_tier": "Regional",
            "tags": {},
            "timeouts": null,
            "zones": []
          },
          "sensitive_attributes": [],
          "private": "eyJlMmJmYjczMC1lY2FhLTExZTYtOGY4OC0zNDM2M2JjN2M0YzAiOnsiY3JlYXRlIjoxODAwMDAwMDAwMDAwLCJkZWxldGUiOjE4MDAwMDAwMDAwMDAsInJlYWQiOjMwMDAwMDAwMDAwMCwidXBkYXRlIjoxODAwMDAwMDAwMDAwfX0=",
          "dependencies": [
            "azurerm_resource_group.grupo5-weu-prod-rg"
          ]
        }
      ]
    },
    {
      "mode": "managed",
      "type": "azurerm_resource_group",
      "name": "grupo5-neu-dr-rg",
      "provider": "provider[\"registry.terraform.io/hashicorp/azurerm\"]",
      "instances": [
        {
          "schema_version": 0,
          "attributes": {
            "id": "/subscriptions/c34f0752-7151-4ee1-ac5c-6369a3e67318/resourceGroups/grupo5-neu-dr-rg",
            "location": "northeurope",
            "managed_by": "",
            "name": "grupo5-neu-dr-rg",
            "tags": {},
            "timeouts": null
          },
          "sensitive_attributes": [],
          "private": "eyJlMmJmYjczMC1lY2FhLTExZTYtOGY4OC0zNDM2M2JjN2M0YzAiOnsiY3JlYXRlIjo1NDAwMDAwMDAwMDAwLCJkZWxldGUiOjU0MDAwMDAwMDAwMDAsInJlYWQiOjMwMDAwMDAwMDAwMCwidXBkYXRlIjo1NDAwMDAwMDAwMDAwfX0="
        }
      ]
    },
    {
      "mode": "managed",
      "type": "azurerm_resource_group",
      "name": "grupo5-weu-prod-rg",
      "provider": "provider[\"registry.terraform.io/hashicorp/azurerm\"]",
      "instances": [
        {
          "schema_version": 0,
          "attributes": {
            "id": "/subscriptions/c34f0752-7151-4ee1-ac5c-6369a3e67318/resourceGroups/grupo5-weu-prod-rg",
            "location": "westeurope",
            "managed_by": "",
            "name": "grupo5-weu-prod-rg",
            "tags": {},
            "timeouts": null
          },
          "sensitive_attributes": [],
          "private": "eyJlMmJmYjczMC1lY2FhLTExZTYtOGY4OC0zNDM2M2JjN2M0YzAiOnsiY3JlYXRlIjo1NDAwMDAwMDAwMDAwLCJkZWxldGUiOjU0MDAwMDAwMDAwMDAsInJlYWQiOjMwMDAwMDAwMDAwMCwidXBkYXRlIjo1NDAwMDAwMDAwMDAwfSwic2NoZW1hX3ZlcnNpb24iOiIwIn0="
        }
      ]
    },
    {
      "mode": "managed",
      "type": "azurerm_subnet",
      "name": "grupo5-weu-prod-subnet",
      "provider": "provider[\"registry.terraform.io/hashicorp/azurerm\"]",
      "instances": [
        {
          "schema_version": 0,
          "attributes": {
            "address_prefixes": [
              "192.168.0.0/24"
            ],
            "delegation": [],
            "enforce_private_link_endpoint_network_policies": false,
            "enforce_private_link_service_network_policies": false,
            "id": "/subscriptions/c34f0752-7151-4ee1-ac5c-6369a3e67318/resourceGroups/grupo5-weu-prod-rg/providers/Microsoft.Network/virtualNetworks/grupo5-weu-prod-vnet/subnets/grupo5-weu-prod-subnet",
            "name": "grupo5-weu-prod-subnet",
            "private_endpoint_network_policies_enabled": true,
            "private_link_service_network_policies_enabled": true,
            "resource_group_name": "grupo5-weu-prod-rg",
            "service_endpoint_policy_ids": [],
            "service_endpoints": [],
            "timeouts": null,
            "virtual_network_name": "grupo5-weu-prod-vnet"
          },
          "sensitive_attributes": [],
          "private": "eyJlMmJmYjczMC1lY2FhLTExZTYtOGY4OC0zNDM2M2JjN2M0YzAiOnsiY3JlYXRlIjoxODAwMDAwMDAwMDAwLCJkZWxldGUiOjE4MDAwMDAwMDAwMDAsInJlYWQiOjMwMDAwMDAwMDAwMCwidXBkYXRlIjoxODAwMDAwMDAwMDAwfX0=",
          "dependencies": [
            "azurerm_resource_group.grupo5-weu-prod-rg",
            "azurerm_virtual_network.grupo5-weu-prod-vnet"
          ]
        }
      ]
    },
    {
      "mode": "managed",
      "type": "azurerm_virtual_network",
      "name": "grupo5-weu-prod-vnet",
      "provider": "provider[\"registry.terraform.io/hashicorp/azurerm\"]",
      "instances": [
        {
          "schema_version": 0,
          "attributes": {
            "address_space": [
              "192.168.0.0/24"
            ],
            "bgp_community": "",
            "ddos_protection_plan": [],
            "dns_servers": [],
            "edge_zone": "",
            "encryption": [],
            "flow_timeout_in_minutes": 0,
            "guid": "f73c2b90-21e9-4622-ae12-048b3ad24347",
            "id": "/subscriptions/c34f0752-7151-4ee1-ac5c-6369a3e67318/resourceGroups/grupo5-weu-prod-rg/providers/Microsoft.Network/virtualNetworks/grupo5-weu-prod-vnet",
            "location": "westeurope",
            "name": "grupo5-weu-prod-vnet",
            "resource_group_name": "grupo5-weu-prod-rg",
            "subnet": [
              {
                "address_prefix": "192.168.0.0/24",
                "id": "/subscriptions/c34f0752-7151-4ee1-ac5c-6369a3e67318/resourceGroups/grupo5-weu-prod-rg/providers/Microsoft.Network/virtualNetworks/grupo5-weu-prod-vnet/subnets/grupo5-weu-prod-subnet",
                "name": "grupo5-weu-prod-subnet",
                "security_group": ""
              }
            ],
            "tags": {},
            "timeouts": null
          },
          "sensitive_attributes": [],
          "private": "eyJlMmJmYjczMC1lY2FhLTExZTYtOGY4OC0zNDM2M2JjN2M0YzAiOnsiY3JlYXRlIjoxODAwMDAwMDAwMDAwLCJkZWxldGUiOjE4MDAwMDAwMDAwMDAsInJlYWQiOjMwMDAwMDAwMDAwMCwidXBkYXRlIjoxODAwMDAwMDAwMDAwfX0=",
          "dependencies": [
            "azurerm_resource_group.grupo5-weu-prod-rg"
          ]
        }
      ]
    },
    {
      "mode": "managed",
      "type": "azurerm_windows_virtual_machine",
      "name": "windows",
      "provider": "provider[\"registry.terraform.io/hashicorp/azurerm\"]",
      "instances": [
        {
          "schema_version": 0,
          "attributes": {
            "additional_capabilities": [],
            "additional_unattend_content": [
              {
                "content": "\u003cAutoLogon\u003e\u003cPassword\u003e\u003cValue\u003ePassword1234!\u003c/Value\u003e\u003c/Password\u003e\u003cEnabled\u003etrue\u003c/Enabled\u003e\u003cLogonCount\u003e1\u003c/LogonCount\u003e\u003cUsername\u003eansible\u003c/Username\u003e\u003c/AutoLogon\u003e",
                "setting": "AutoLogon"
              },
              {
                "content": "\u003cFirstLogonCommands\u003e\r\n    \u003cSynchronousCommand\u003e\r\n        \u003cCommandLine\u003ecmd /c \"copy C:\\AzureData\\CustomData.bin C:\\winrm.ps1\"\u003c/CommandLine\u003e\r\n        \u003cDescription\u003eMove the CustomData file to the working directory\u003c/Description\u003e\r\n        \u003cOrder\u003e12\u003c/Order\u003e\r\n    \u003c/SynchronousCommand\u003e\r\n    \u003cSynchronousCommand\u003e\r\n        \u003cCommandLine\u003epowershell.exe -sta -ExecutionPolicy Unrestricted -file C:\\winrm.ps1\u003c/CommandLine\u003e\r\n        \u003cDescription\u003eExecute the WinRM enabling script\u003c/Description\u003e\r\n        \u003cOrder\u003e13\u003c/Order\u003e\r\n    \u003c/SynchronousCommand\u003e\r\n\u003c/FirstLogonCommands\u003e",
                "setting": "FirstLogonCommands"
              }
            ],
            "admin_password": "Password1234!",
            "admin_username": "ansible",
            "allow_extension_operations": true,
            "availability_set_id": "",
            "boot_diagnostics": [],
            "bypass_platform_safety_checks_on_user_schedule_enabled": false,
            "capacity_reservation_group_id": "",
            "computer_name": "windows",
            "custom_data": "V3JpdGUtSG9zdCAiRGVsZXRlIGFueSBleGlzdGluZyBXaW5STSBsaXN0ZW5lcnMiDQp3aW5ybSBkZWxldGUgd2lucm0vY29uZmlnL2xpc3RlbmVyP0FkZHJlc3M9KitUcmFuc3BvcnQ9SFRUUCAgMj4kTnVsbA0Kd2lucm0gZGVsZXRlIHdpbnJtL2NvbmZpZy9saXN0ZW5lcj9BZGRyZXNzPSorVHJhbnNwb3J0PUhUVFBTIDI+JE51bGwNCg0KV3JpdGUtSG9zdCAiQ3JlYXRlIGEgbmV3IFdpblJNIGxpc3RlbmVyIGFuZCBjb25maWd1cmUiDQp3aW5ybSBjcmVhdGUgd2lucm0vY29uZmlnL2xpc3RlbmVyP0FkZHJlc3M9KitUcmFuc3BvcnQ9SFRUUA0Kd2lucm0gc2V0IHdpbnJtL2NvbmZpZy93aW5ycyAnQHtNYXhNZW1vcnlQZXJTaGVsbE1CPSIwIn0nDQp3aW5ybSBzZXQgd2lucm0vY29uZmlnICdAe01heFRpbWVvdXRtcz0iNzIwMDAwMCJ9Jw0Kd2lucm0gc2V0IHdpbnJtL2NvbmZpZy9zZXJ2aWNlICdAe0FsbG93VW5lbmNyeXB0ZWQ9InRydWUifScNCndpbnJtIHNldCB3aW5ybS9jb25maWcvc2VydmljZSAnQHtNYXhDb25jdXJyZW50T3BlcmF0aW9uc1BlclVzZXI9IjEyMDAwIn0nDQp3aW5ybSBzZXQgd2lucm0vY29uZmlnL3NlcnZpY2UvYXV0aCAnQHtCYXNpYz0idHJ1ZSJ9Jw0Kd2lucm0gc2V0IHdpbnJtL2NvbmZpZy9jbGllbnQvYXV0aCAnQHtCYXNpYz0idHJ1ZSJ9Jw0KDQpXcml0ZS1Ib3N0ICJDb25maWd1cmUgVUFDIHRvIGFsbG93IHByaXZpbGVnZSBlbGV2YXRpb24gaW4gcmVtb3RlIHNoZWxscyINCiRLZXkgPSAnSEtMTTpcU09GVFdBUkVcTWljcm9zb2Z0XFdpbmRvd3NcQ3VycmVudFZlcnNpb25cUG9saWNpZXNcU3lzdGVtJw0KJFNldHRpbmcgPSAnTG9jYWxBY2NvdW50VG9rZW5GaWx0ZXJQb2xpY3knDQpTZXQtSXRlbVByb3BlcnR5IC1QYXRoICRLZXkgLU5hbWUgJFNldHRpbmcgLVZhbHVlIDEgLUZvcmNlDQoNCldyaXRlLUhvc3QgInR1cm4gb2ZmIFBvd2VyU2hlbGwgZXhlY3V0aW9uIHBvbGljeSByZXN0cmljdGlvbnMiDQpTZXQtRXhlY3V0aW9uUG9saWN5IC1FeGVjdXRpb25Qb2xpY3kgVW5yZXN0cmljdGVkDQoNCldyaXRlLUhvc3QgIkNvbmZpZ3VyZSBhbmQgcmVzdGFydCB0aGUgV2luUk0gU2VydmljZTsgRW5hYmxlIHRoZSByZXF1aXJlZCBmaXJld2FsbCBleGNlcHRpb24iDQpTdG9wLVNlcnZpY2UgLU5hbWUgV2luUk0NClNldC1TZXJ2aWNlIC1OYW1lIFdpblJNIC1TdGFydHVwVHlwZSBBdXRvbWF0aWMNCm5ldHNoIGFkdmZpcmV3YWxsIGZpcmV3YWxsIHNldCBydWxlIG5hbWU9IldpbmRvd3MgUmVtb3RlIE1hbmFnZW1lbnQgKEhUVFAtSW4pIiBuZXcgYWN0aW9uPWFsbG93IGxvY2FsaXA9YW55IHJlbW90ZWlwPWFueQ0KU3RhcnQtU2VydmljZSAtTmFtZSBXaW5STQ0KDQoNCg0KIyBpbnN0YWxsIHB5dGhvbg0KV3JpdGUtSG9zdCAiSW5zdGFsbCBQeXRob24iDQoNCiRweXRob25fdXJsID0gImh0dHBzOi8vd3d3LnB5dGhvbi5vcmcvZnRwL3B5dGhvbi8zLjguNS9weXRob24tMy44LjUtYW1kNjQuZXhlIg0KDQokcHl0aG9uX2luc3RhbGxlciA9ICJDOlxweXRob24tMy44LjUtYW1kNjQuZXhlIg0KDQpJbnZva2UtV2ViUmVxdWVzdCAtVXJpICRweXRob25fdXJsIC1PdXRGaWxlICRweXRob25faW5zdGFsbGVyDQoNClN0YXJ0LVByb2Nlc3MgLUZpbGVQYXRoICRweXRob25faW5zdGFsbGVyIC1Bcmd1bWVudExpc3QgIi9xdWlldCBJbnN0YWxsQWxsVXNlcnM9MSBQcmVwZW5kUGF0aD0xIiAtV2FpdA0KDQojaW5zdGFsbCAubmV0IGZyYW1ld29yayA0LjAgPA0KV3JpdGUtSG9zdCAiSW5zdGFsbCAuTkVUIEZyYW1ld29yayA0LjAiDQoNCiRkb3RuZXRfdXJsID0gImh0dHBzOi8vZG93bmxvYWQubWljcm9zb2Z0LmNvbS9kb3dubG9hZC85LzUvQS85NUE5NjE2Qi03QTM3LTRBRjYtQkMzNi1ENkVBOTZDOERBQUUvZG90TmV0Rng0MF9GdWxsX3g4Nl94NjQuZXhlIg0KDQokZG90bmV0X2luc3RhbGxlciA9ICJDOlxkb3ROZXRGeDQwX0Z1bGxfeDg2X3g2NC5leGUiDQoNCkludm9rZS1XZWJSZXF1ZXN0IC1VcmkgJGRvdG5ldF91cmwgLU91dEZpbGUgJGRvdG5ldF9pbnN0YWxsZXINCg0KU3RhcnQtUHJvY2VzcyAtRmlsZVBhdGggJGRvdG5ldF9pbnN0YWxsZXIgLUFyZ3VtZW50TGlzdCAiL3EiIC1XYWl0DQoNCiNmaXJld2FsbCBydWxlIGFuc2libGUNCg0KV3JpdGUtSG9zdCAiQ3JlYXRlIGEgbmV3IGZpcmV3YWxsIHJ1bGUgZm9yIGFuc2libGUiDQoNCm5ldHNoIGFkdmZpcmV3YWxsIGZpcmV3YWxsIGFkZCBydWxlIG5hbWU9ImFuc2libGUiIGRpcj1pbiBhY3Rpb249YWxsb3cgcHJvdG9jb2w9VENQIGxvY2FscG9ydD01OTg2DQo=",
            "dedicated_host_group_id": "",
            "dedicated_host_id": "",
            "disk_controller_type": "",
            "edge_zone": "",
            "enable_automatic_updates": true,
            "encryption_at_host_enabled": false,
            "eviction_policy": "",
            "extensions_time_budget": "PT1H30M",
            "gallery_application": [],
            "hotpatching_enabled": false,
            "id": "/subscriptions/c34f0752-7151-4ee1-ac5c-6369a3e67318/resourceGroups/grupo5-weu-prod-rg/providers/Microsoft.Compute/virtualMachines/windows",
            "identity": [],
            "license_type": "",
            "location": "westeurope",
            "max_bid_price": -1,
            "name": "windows",
            "network_interface_ids": [
              "/subscriptions/c34f0752-7151-4ee1-ac5c-6369a3e67318/resourceGroups/grupo5-weu-prod-rg/providers/Microsoft.Network/networkInterfaces/nic"
            ],
            "os_disk": [
              {
                "caching": "ReadWrite",
                "diff_disk_settings": [],
                "disk_encryption_set_id": "",
                "disk_size_gb": 127,
                "name": "windows_OsDisk_1_c91f27d7ffb343bdb74d7512b62d7067",
                "secure_vm_disk_encryption_set_id": "",
                "security_encryption_type": "",
                "storage_account_type": "Standard_LRS",
                "write_accelerator_enabled": false
              }
            ],
            "os_image_notification": [],
            "patch_assessment_mode": "ImageDefault",
            "patch_mode": "AutomaticByOS",
            "plan": [],
            "platform_fault_domain": -1,
            "priority": "Regular",
            "private_ip_address": "192.168.0.100",
            "private_ip_addresses": [
              "192.168.0.100"
            ],
            "provision_vm_agent": true,
            "proximity_placement_group_id": "",
            "public_ip_address": "13.95.175.190",
            "public_ip_addresses": [
              "13.95.175.190"
            ],
            "reboot_setting": "",
            "resource_group_name": "grupo5-weu-prod-rg",
            "secret": [],
            "secure_boot_enabled": false,
            "size": "Standard_B1s",
            "source_image_id": "",
            "source_image_reference": [
              {
                "offer": "WindowsServer",
                "publisher": "MicrosoftWindowsServer",
                "sku": "2022-Datacenter",
                "version": "latest"
              }
            ],
            "tags": {},
            "termination_notification": [],
            "timeouts": null,
            "timezone": "",
            "user_data": "",
            "virtual_machine_id": "52fb497b-475b-4e40-a71b-6651232bc037",
            "virtual_machine_scale_set_id": "",
            "vm_agent_platform_updates_enabled": false,
            "vtpm_enabled": false,
            "winrm_listener": [
              {
                "certificate_url": "",
                "protocol": "Http"
              }
            ],
            "zone": ""
          },
          "sensitive_attributes": [],
          "private": "eyJlMmJmYjczMC1lY2FhLTExZTYtOGY4OC0zNDM2M2JjN2M0YzAiOnsiY3JlYXRlIjoyNzAwMDAwMDAwMDAwLCJkZWxldGUiOjI3MDAwMDAwMDAwMDAsInJlYWQiOjMwMDAwMDAwMDAwMCwidXBkYXRlIjoyNzAwMDAwMDAwMDAwfX0=",
          "dependencies": [
            "azurerm_network_interface.nic",
            "azurerm_network_interface_security_group_association.example",
            "azurerm_network_security_group.windows_nsg",
            "azurerm_public_ip.publicip",
            "azurerm_resource_group.grupo5-weu-prod-rg",
            "azurerm_subnet.grupo5-weu-prod-subnet",
            "azurerm_virtual_network.grupo5-weu-prod-vnet",
            "data.template_file.init"
          ]
        }
      ]
    }
  ],
  "check_results": null
}
